
Microsoft Visual Studio Solution File, Format Version 12.00
# Visual Studio Version 17
VisualStudioVersion = 17.3.32811.315
MinimumVisualStudioVersion = 10.0.40219.1
Project("{8BC9CEB8-8B4A-11D0-8D11-00A0C91BC942}") = "QuizGame", "QuizGame\QuizGame.vcxproj", "{F51F4337-BE4A-4EE6-94D8-702C2DD882FE}"
EndProject
Global
	GlobalSection(SolutionConfigurationPlatforms) = preSolution
		Debug|x64 = Debug|x64
		Debug|x86 = Debug|x86
		Release|x64 = Release|x64
		Release|x86 = Release|x86
	EndGlobalSection
	GlobalSection(ProjectConfigurationPlatforms) = postSolution
		{F51F4337-BE4A-4EE6-94D8-702C2DD882FE}.Debug|x64.ActiveCfg = Debug|x64
		{F51F4337-BE4A-4EE6-94D8-702C2DD882FE}.Debug|x64.Build.0 = Debug|x64
		{F51F4337-BE4A-4EE6-94D8-702C2DD882FE}.Debug|x86.ActiveCfg = Debug|Win32
		{F51F4337-BE4A-4EE6-94D8-702C2DD882FE}.Debug|x86.Build.0 = Debug|Win32
		{F51F4337-BE4A-4EE6-94D8-702C2DD882FE}.Release|x64.ActiveCfg = Release|x64
		{F51F4337-BE4A-4EE6-94D8-702C2DD882FE}.Release|x64.Build.0 = Release|x64
		{F51F4337-BE4A-4EE6-94D8-702C2DD882FE}.Release|x86.ActiveCfg = Release|Win32
		{F51F4337-BE4A-4EE6-94D8-702C2DD882FE}.Release|x86.Build.0 = Release|Win32
	EndGlobalSection
	GlobalSection(SolutionProperties) = preSolution
		HideSolutionNode = FALSE
	EndGlobalSection
	GlobalSection(ExtensibilityGlobals) = postSolution
		SolutionGuid = {BEE426D4-4584-4DE0-9F11-AF357C2CFC33}
	EndGlobalSection
EndGlobal
